
Microsoft Visual Studio Solution File, Format Version 12.00
# Visual Studio Version 17
VisualStudioVersion = 17.10.34928.147
MinimumVisualStudioVersion = 10.0.40219.1
Project("{FAE04EC0-301F-11D3-BF4B-00C04F79EFBC}") = "Vision_Project", "Vision_Project\Vision_Project.csproj", "{9003552B-692A-4D59-B512-50B1E3C9422A}"
EndProject
Global
	GlobalSection(SolutionConfigurationPlatforms) = preSolution
		Debug|Any CPU = Debug|Any CPU
		Release|Any CPU = Release|Any CPU
	EndGlobalSection
	GlobalSection(ProjectConfigurationPlatforms) = postSolution
		{9003552B-692A-4D59-B512-50B1E3C9422A}.Debug|Any CPU.ActiveCfg = Debug|Any CPU
		{9003552B-692A-4D59-B512-50B1E3C9422A}.Debug|Any CPU.Build.0 = Debug|Any CPU
		{9003552B-692A-4D59-B512-50B1E3C9422A}.Release|Any CPU.ActiveCfg = Release|Any CPU
		{9003552B-692A-4D59-B512-50B1E3C9422A}.Release|Any CPU.Build.0 = Release|Any CPU
	EndGlobalSection
	GlobalSection(SolutionProperties) = preSolution
		HideSolutionNode = FALSE
	EndGlobalSection
	GlobalSection(ExtensibilityGlobals) = postSolution
		SolutionGuid = {4184EDE6-1B5F-4157-9278-90836C333E5D}
	EndGlobalSection
EndGlobal
